
Microsoft Visual Studio Solution File, Format Version 12.00
# Visual Studio Version 16
VisualStudioVersion = 16.0.30320.27
MinimumVisualStudioVersion = 10.0.40219.1
Project("{FAE04EC0-301F-11D3-BF4B-00C04F79EFBC}") = "TestingGIT", "TestingGIT.csproj", "{11D3469B-F28B-4841-BFD8-A8C82C3AEE18}"
EndProject
Global
	GlobalSection(SolutionConfigurationPlatforms) = preSolution
		Debug|Any CPU = Debug|Any CPU
		Release|Any CPU = Release|Any CPU
	EndGlobalSection
	GlobalSection(ProjectConfigurationPlatforms) = postSolution
		{11D3469B-F28B-4841-BFD8-A8C82C3AEE18}.Debug|Any CPU.ActiveCfg = Debug|Any CPU
		{11D3469B-F28B-4841-BFD8-A8C82C3AEE18}.Debug|Any CPU.Build.0 = Debug|Any CPU
		{11D3469B-F28B-4841-BFD8-A8C82C3AEE18}.Release|Any CPU.ActiveCfg = Release|Any CPU
		{11D3469B-F28B-4841-BFD8-A8C82C3AEE18}.Release|Any CPU.Build.0 = Release|Any CPU
	EndGlobalSection
	GlobalSection(SolutionProperties) = preSolution
		HideSolutionNode = FALSE
	EndGlobalSection
	GlobalSection(ExtensibilityGlobals) = postSolution
		SolutionGuid = {4BBC0A53-E8C9-4102-ABB6-0431AE05CF0D}
	EndGlobalSection
EndGlobal
